
Microsoft Visual Studio Solution File, Format Version 12.00
# Visual Studio Version 17
VisualStudioVersion = 17.10.35013.160
MinimumVisualStudioVersion = 10.0.40219.1
Project("{FAE04EC0-301F-11D3-BF4B-00C04F79EFBC}") = "MilkTeaManagementUI", "MilkTeaManagementUI\MilkTeaManagementUI.csproj", "{734D58E4-C60C-4B94-BEAC-F5E981353980}"
EndProject
Project("{FAE04EC0-301F-11D3-BF4B-00C04F79EFBC}") = "MilkTeaManagement.DAL", "MilkTeaManagement.DAL\MilkTeaManagement.DAL.csproj", "{DCD61363-390B-456B-8093-E61AAD47F56C}"
EndProject
Project("{FAE04EC0-301F-11D3-BF4B-00C04F79EFBC}") = "MilkTeaManagement.BLL", "MilkTeaManagement.BLL\MilkTeaManagement.BLL.csproj", "{3BF5B775-9380-4362-AE8F-2EDAE9427087}"
EndProject
Global
	GlobalSection(SolutionConfigurationPlatforms) = preSolution
		Debug|Any CPU = Debug|Any CPU
		Release|Any CPU = Release|Any CPU
	EndGlobalSection
	GlobalSection(ProjectConfigurationPlatforms) = postSolution
		{734D58E4-C60C-4B94-BEAC-F5E981353980}.Debug|Any CPU.ActiveCfg = Debug|Any CPU
		{734D58E4-C60C-4B94-BEAC-F5E981353980}.Debug|Any CPU.Build.0 = Debug|Any CPU
		{734D58E4-C60C-4B94-BEAC-F5E981353980}.Release|Any CPU.ActiveCfg = Release|Any CPU
		{734D58E4-C60C-4B94-BEAC-F5E981353980}.Release|Any CPU.Build.0 = Release|Any CPU
		{DCD61363-390B-456B-8093-E61AAD47F56C}.Debug|Any CPU.ActiveCfg = Debug|Any CPU
		{DCD61363-390B-456B-8093-E61AAD47F56C}.Debug|Any CPU.Build.0 = Debug|Any CPU
		{DCD61363-390B-456B-8093-E61AAD47F56C}.Release|Any CPU.ActiveCfg = Release|Any CPU
		{DCD61363-390B-456B-8093-E61AAD47F56C}.Release|Any CPU.Build.0 = Release|Any CPU
		{3BF5B775-9380-4362-AE8F-2EDAE9427087}.Debug|Any CPU.ActiveCfg = Debug|Any CPU
		{3BF5B775-9380-4362-AE8F-2EDAE9427087}.Debug|Any CPU.Build.0 = Debug|Any CPU
		{3BF5B775-9380-4362-AE8F-2EDAE9427087}.Release|Any CPU.ActiveCfg = Release|Any CPU
		{3BF5B775-9380-4362-AE8F-2EDAE9427087}.Release|Any CPU.Build.0 = Release|Any CPU
	EndGlobalSection
	GlobalSection(SolutionProperties) = preSolution
		HideSolutionNode = FALSE
	EndGlobalSection
	GlobalSection(ExtensibilityGlobals) = postSolution
		SolutionGuid = {9E83B673-0C40-447B-A99A-90C6E4469F08}
	EndGlobalSection
EndGlobal
